
Microsoft Visual Studio Solution File, Format Version 12.00
# Visual Studio Version 17
VisualStudioVersion = 17.9.34723.18
MinimumVisualStudioVersion = 15.0.26124.0
Project("{9A19103F-16F7-4668-BE54-9A1E7A4F7556}") = "Izayoi.Collections.TimestampedDictionary", "..\Runtime\Izayoi.Collections.TimestampedDictionary.csproj", "{8A105615-5935-4D32-A738-64C163CBF9CA}"
EndProject
Project("{9A19103F-16F7-4668-BE54-9A1E7A4F7556}") = "Izayoi.Collections.TimestampedDictionary.Test", "..\Tests~\Izayoi.Collections.TimestampedDictionary.Test.csproj", "{F4096B60-EE43-45AB-B300-5B951FC03A52}"
EndProject
Global
	GlobalSection(SolutionConfigurationPlatforms) = preSolution
		Debug|Any CPU = Debug|Any CPU
		Debug|x64 = Debug|x64
		Debug|x86 = Debug|x86
		Release|Any CPU = Release|Any CPU
		Release|x64 = Release|x64
		Release|x86 = Release|x86
	EndGlobalSection
	GlobalSection(ProjectConfigurationPlatforms) = postSolution
		{8A105615-5935-4D32-A738-64C163CBF9CA}.Debug|Any CPU.ActiveCfg = Debug|Any CPU
		{8A105615-5935-4D32-A738-64C163CBF9CA}.Debug|Any CPU.Build.0 = Debug|Any CPU
		{8A105615-5935-4D32-A738-64C163CBF9CA}.Debug|x64.ActiveCfg = Debug|Any CPU
		{8A105615-5935-4D32-A738-64C163CBF9CA}.Debug|x64.Build.0 = Debug|Any CPU
		{8A105615-5935-4D32-A738-64C163CBF9CA}.Debug|x86.ActiveCfg = Debug|Any CPU
		{8A105615-5935-4D32-A738-64C163CBF9CA}.Debug|x86.Build.0 = Debug|Any CPU
		{8A105615-5935-4D32-A738-64C163CBF9CA}.Release|Any CPU.ActiveCfg = Release|Any CPU
		{8A105615-5935-4D32-A738-64C163CBF9CA}.Release|Any CPU.Build.0 = Release|Any CPU
		{8A105615-5935-4D32-A738-64C163CBF9CA}.Release|x64.ActiveCfg = Release|Any CPU
		{8A105615-5935-4D32-A738-64C163CBF9CA}.Release|x64.Build.0 = Release|Any CPU
		{8A105615-5935-4D32-A738-64C163CBF9CA}.Release|x86.ActiveCfg = Release|Any CPU
		{8A105615-5935-4D32-A738-64C163CBF9CA}.Release|x86.Build.0 = Release|Any CPU
		{F4096B60-EE43-45AB-B300-5B951FC03A52}.Debug|Any CPU.ActiveCfg = Debug|Any CPU
		{F4096B60-EE43-45AB-B300-5B951FC03A52}.Debug|Any CPU.Build.0 = Debug|Any CPU
		{F4096B60-EE43-45AB-B300-5B951FC03A52}.Debug|x64.ActiveCfg = Debug|Any CPU
		{F4096B60-EE43-45AB-B300-5B951FC03A52}.Debug|x64.Build.0 = Debug|Any CPU
		{F4096B60-EE43-45AB-B300-5B951FC03A52}.Debug|x86.ActiveCfg = Debug|Any CPU
		{F4096B60-EE43-45AB-B300-5B951FC03A52}.Debug|x86.Build.0 = Debug|Any CPU
		{F4096B60-EE43-45AB-B300-5B951FC03A52}.Release|Any CPU.ActiveCfg = Release|Any CPU
		{F4096B60-EE43-45AB-B300-5B951FC03A52}.Release|Any CPU.Build.0 = Release|Any CPU
		{F4096B60-EE43-45AB-B300-5B951FC03A52}.Release|x64.ActiveCfg = Release|Any CPU
		{F4096B60-EE43-45AB-B300-5B951FC03A52}.Release|x64.Build.0 = Release|Any CPU
		{F4096B60-EE43-45AB-B300-5B951FC03A52}.Release|x86.ActiveCfg = Release|Any CPU
		{F4096B60-EE43-45AB-B300-5B951FC03A52}.Release|x86.Build.0 = Release|Any CPU
	EndGlobalSection
	GlobalSection(SolutionProperties) = preSolution
		HideSolutionNode = FALSE
	EndGlobalSection
	GlobalSection(ExtensibilityGlobals) = postSolution
		SolutionGuid = {99FDEEBF-5432-4C6F-AF91-68CC2A77125A}
	EndGlobalSection
EndGlobal
